
Microsoft Visual Studio Solution File, Format Version 12.00
# Visual Studio Version 17
VisualStudioVersion = 17.14.36623.8 d17.14
MinimumVisualStudioVersion = 10.0.40219.1
Project("{FAE04EC0-301F-11D3-BF4B-00C04F79EFBC}") = "Messenger_Meowtalk", "Messenger_Meowtalk\Messenger_Meowtalk.csproj", "{B625388C-D5DB-4937-AF7D-0214E1C82EEB}"
EndProject
Global
	GlobalSection(SolutionConfigurationPlatforms) = preSolution
		Debug|Any CPU = Debug|Any CPU
		Release|Any CPU = Release|Any CPU
	EndGlobalSection
	GlobalSection(ProjectConfigurationPlatforms) = postSolution
		{B625388C-D5DB-4937-AF7D-0214E1C82EEB}.Debug|Any CPU.ActiveCfg = Debug|Any CPU
		{B625388C-D5DB-4937-AF7D-0214E1C82EEB}.Debug|Any CPU.Build.0 = Debug|Any CPU
		{B625388C-D5DB-4937-AF7D-0214E1C82EEB}.Release|Any CPU.ActiveCfg = Release|Any CPU
		{B625388C-D5DB-4937-AF7D-0214E1C82EEB}.Release|Any CPU.Build.0 = Release|Any CPU
	EndGlobalSection
	GlobalSection(SolutionProperties) = preSolution
		HideSolutionNode = FALSE
	EndGlobalSection
	GlobalSection(ExtensibilityGlobals) = postSolution
		SolutionGuid = {E46165D4-BB09-4869-AAE6-A88EBE8D01A1}
	EndGlobalSection
EndGlobal
